
Microsoft Visual Studio Solution File, Format Version 12.00
# Visual Studio 15
VisualStudioVersion = 15.0.27428.2027
MinimumVisualStudioVersion = 10.0.40219.1
Project("{9A19103F-16F7-4668-BE54-9A1E7A4F7556}") = "ServiceProxy", "ServiceProxy\ServiceProxy.csproj", "{801052B8-2DCD-45C4-8B7A-C7701BB2731A}"
EndProject
Project("{FAE04EC0-301F-11D3-BF4B-00C04F79EFBC}") = "UnitTestProject", "UnitTestProject\UnitTestProject.csproj", "{B6EEB726-FCB7-4ACB-A917-82AE5881FD3B}"
EndProject
Global
	GlobalSection(SolutionConfigurationPlatforms) = preSolution
		Debug|Any CPU = Debug|Any CPU
		Release|Any CPU = Release|Any CPU
	EndGlobalSection
	GlobalSection(ProjectConfigurationPlatforms) = postSolution
		{801052B8-2DCD-45C4-8B7A-C7701BB2731A}.Debug|Any CPU.ActiveCfg = Debug|Any CPU
		{801052B8-2DCD-45C4-8B7A-C7701BB2731A}.Debug|Any CPU.Build.0 = Debug|Any CPU
		{801052B8-2DCD-45C4-8B7A-C7701BB2731A}.Release|Any CPU.ActiveCfg = Release|Any CPU
		{801052B8-2DCD-45C4-8B7A-C7701BB2731A}.Release|Any CPU.Build.0 = Release|Any CPU
		{B6EEB726-FCB7-4ACB-A917-82AE5881FD3B}.Debug|Any CPU.ActiveCfg = Debug|Any CPU
		{B6EEB726-FCB7-4ACB-A917-82AE5881FD3B}.Debug|Any CPU.Build.0 = Debug|Any CPU
		{B6EEB726-FCB7-4ACB-A917-82AE5881FD3B}.Release|Any CPU.ActiveCfg = Release|Any CPU
		{B6EEB726-FCB7-4ACB-A917-82AE5881FD3B}.Release|Any CPU.Build.0 = Release|Any CPU
	EndGlobalSection
	GlobalSection(SolutionProperties) = preSolution
		HideSolutionNode = FALSE
	EndGlobalSection
	GlobalSection(ExtensibilityGlobals) = postSolution
		SolutionGuid = {27D85014-6861-4F0D-99B0-A144554A6930}
	EndGlobalSection
EndGlobal
